
Microsoft Visual Studio Solution File, Format Version 12.00
Project("{FAE04EC0-301F-11D3-BF4B-00C04F79EFBC}") = "Core", "Core\Core.csproj", "{C071F54D-FA03-463F-AB16-79FD984A7FF4}"
EndProject
Project("{2150E333-8FDC-42A3-9474-1A3956D46DE8}") = "Handcart", "Handcart", "{AA5705EF-365C-4ED2-89EE-0F389BF2454C}"
ProjectSection(SolutionItems) = preProject
	Handcart\Content\Data\Research\QuestBogie.sbc = Handcart\Content\Data\Research\QuestBogie.sbc
	Handcart\Content\Data\Research\QuestHandcart.sbc = Handcart\Content\Data\Research\QuestHandcart.sbc
	Handcart\Content\Data\Research\SchematicBogie.sbc = Handcart\Content\Data\Research\SchematicBogie.sbc
	Handcart\Content\Data\Research\SchematicHandcart.sbc = Handcart\Content\Data\Research\SchematicHandcart.sbc
	Handcart\Content\Data\Bogie\Bogie.sbc = Handcart\Content\Data\Bogie\Bogie.sbc
	Handcart\Content\Data\Bogie\Handcart.sbc = Handcart\Content\Data\Bogie\Handcart.sbc
EndProjectSection
EndProject
Project("{2150E333-8FDC-42A3-9474-1A3956D46DE8}") = "RailsSteel", "RailsSteel", "{942E6E1B-9581-4406-BF51-08D434DD24EF}"
ProjectSection(SolutionItems) = preProject
	RailsSteel\Content\Data\Rails\Steel_Bendy.sbc = RailsSteel\Content\Data\Rails\Steel_Bendy.sbc
	RailsSteel\Content\Data\Rails\Steel_BlockStraight.sbc = RailsSteel\Content\Data\Rails\Steel_BlockStraight.sbc
	RailsSteel\Content\Data\Rails\Steel_Common.sbc = RailsSteel\Content\Data\Rails\Steel_Common.sbc
	RailsSteel\Content\Data\Rails\Steel_ExternalSwitchControl.sbc = RailsSteel\Content\Data\Rails\Steel_ExternalSwitchControl.sbc
	RailsSteel\Content\Data\Rails\Steel_PlanningTape.sbc = RailsSteel\Content\Data\Rails\Steel_PlanningTape.sbc
	RailsSteel\Content\Data\Rails\Steel_Switch_Common.sbc = RailsSteel\Content\Data\Rails\Steel_Switch_Common.sbc
	RailsSteel\Content\Data\Rails\Steel_Switch_Rhs_Parallel.sbc = RailsSteel\Content\Data\Rails\Steel_Switch_Rhs_Parallel.sbc
	RailsSteel\Content\Data\Rails\Steel_Switch_Rhs_Parallel_AC.sbc = RailsSteel\Content\Data\Rails\Steel_Switch_Rhs_Parallel_AC.sbc
	RailsSteel\Content\Data\Research\Steel_QuestRails.sbc = RailsSteel\Content\Data\Research\Steel_QuestRails.sbc
	RailsSteel\Content\Data\Research\Steel_SchematicRail.sbc = RailsSteel\Content\Data\Research\Steel_SchematicRail.sbc
EndProjectSection
EndProject
Project("{2150E333-8FDC-42A3-9474-1A3956D46DE8}") = "RailsWood", "RailsWood", "{AF45395A-F1FD-43A9-9D35-00B782C80D05}"
ProjectSection(SolutionItems) = preProject
	RailsWood\Content\Data\Rails\Wood_Bendy.sbc = RailsWood\Content\Data\Rails\Wood_Bendy.sbc
	RailsWood\Content\Data\Rails\Wood_BlockStraight.sbc = RailsWood\Content\Data\Rails\Wood_BlockStraight.sbc
	RailsWood\Content\Data\Rails\Wood_Common.sbc = RailsWood\Content\Data\Rails\Wood_Common.sbc
	RailsWood\Content\Data\Rails\Wood_PlanningTape.sbc = RailsWood\Content\Data\Rails\Wood_PlanningTape.sbc
	RailsWood\Content\Data\Research\Wood_QuestRails.sbc = RailsWood\Content\Data\Research\Wood_QuestRails.sbc
	RailsWood\Content\Data\Research\Wood_SchematicRail.sbc = RailsWood\Content\Data\Research\Wood_SchematicRail.sbc
EndProjectSection
EndProject
Project("{2150E333-8FDC-42A3-9474-1A3956D46DE8}") = "SharedAssets", "SharedAssets", "{E7259ADB-1772-41D8-B7DA-FB5F2AAEE5F7}"
ProjectSection(SolutionItems) = preProject
	SharedAssets\Content\Data\CrosshairDefinitions.sbc = SharedAssets\Content\Data\CrosshairDefinitions.sbc
	SharedAssets\Content\Data\QuestTools.sbc = SharedAssets\Content\Data\QuestTools.sbc
	SharedAssets\Content\Data\RailGraderCreative.sbc = SharedAssets\Content\Data\RailGraderCreative.sbc
	SharedAssets\Content\Data\RailGraderSteel.sbc = SharedAssets\Content\Data\RailGraderSteel.sbc
	SharedAssets\Content\Data\SchematicTools.sbc = SharedAssets\Content\Data\SchematicTools.sbc
	SharedAssets\Content\Data\TransparentMaterials.sbc = SharedAssets\Content\Data\TransparentMaterials.sbc
	SharedAssets\Content\Data\RailHammer.sbc = SharedAssets\Content\Data\RailHammer.sbc
EndProjectSection
EndProject
Project("{2150E333-8FDC-42A3-9474-1A3956D46DE8}") = "ModPack", "ModPack", "{03F85D0C-B1B9-41FA-AC4A-68A8CB9B0EDD}"
ProjectSection(SolutionItems) = preProject
	ModPack\Content\Data\QuestUnify.sbc = ModPack\Content\Data\QuestUnify.sbc
EndProjectSection
EndProject
Project("{2150E333-8FDC-42A3-9474-1A3956D46DE8}") = "RailSupports", "RailSupports", "{1A1CEEB2-59E3-44F6-94D0-23D347D65D45}"
ProjectSection(SolutionItems) = preProject
	RailSupports\Content\Data\Equinox\RailSupport\Arch_V2.sbc = RailSupports\Content\Data\Equinox\RailSupport\Arch_V2.sbc
	RailSupports\Content\Data\Equinox\RailSupport\Common.sbc = RailSupports\Content\Data\Equinox\RailSupport\Common.sbc
	RailSupports\Content\Data\Equinox\RailSupport\Slope_H4.sbc = RailSupports\Content\Data\Equinox\RailSupport\Slope_H4.sbc
	RailSupports\Content\Data\Equinox\RailSupport\Straight_H1.sbc = RailSupports\Content\Data\Equinox\RailSupport\Straight_H1.sbc
EndProjectSection
EndProject
Project("{2150E333-8FDC-42A3-9474-1A3956D46DE8}") = "ModPackFun", "ModPackFun", "{AD639D43-C304-4D17-A86B-47918259FFF0}"
ProjectSection(SolutionItems) = preProject
	ModPackFun\Content\Data\SteelAdjustments.sbc = ModPackFun\Content\Data\SteelAdjustments.sbc
	ModPackFun\Content\Data\WoodAdjustments.sbc = ModPackFun\Content\Data\WoodAdjustments.sbc
EndProjectSection
EndProject
Project("{FAE04EC0-301F-11D3-BF4B-00C04F79EFBC}") = "Core.Tests", "Core.Tests\Core.Tests.csproj", "{0305B255-A402-4789-86BB-1EE2283D34EE}"
EndProject
Global
	GlobalSection(SolutionConfigurationPlatforms) = preSolution
		Debug|x64 = Debug|x64
	EndGlobalSection
	GlobalSection(ProjectConfigurationPlatforms) = postSolution
		{C071F54D-FA03-463F-AB16-79FD984A7FF4}.Debug|x64.ActiveCfg = Debug|x64
		{C071F54D-FA03-463F-AB16-79FD984A7FF4}.Debug|x64.Build.0 = Debug|x64
		{0305B255-A402-4789-86BB-1EE2283D34EE}.Debug|x64.ActiveCfg = Debug|x64
		{0305B255-A402-4789-86BB-1EE2283D34EE}.Debug|x64.Build.0 = Debug|x64
	EndGlobalSection
EndGlobal
